Microsoft Visual Studio Solution File, Format Version 12.00
# Visual Studio Version 16
VisualStudioVersion = 16.0.0.0
MinimumVisualStudioVersion = 16.0.0.0
Project("{9A19103F-16F7-4668-BE54-9A1E7A4F7556}") = "BlazorServerAutoApp", "BlazorServerAutoApp\BlazorServerAutoApp.csproj", "{2D7B06B3-C4AB-4D0C-99F5-DCA367A3C57B}"
EndProject
Project("{9A19103F-16F7-4668-BE54-9A1E7A4F7556}") = "BlazorServerAutoApp.Client", "BlazorServerAutoApp.Client\BlazorServerAutoApp.Client.csproj", "{4ABBC7ED-B794-4F77-AEC5-15E0DFCACA70}"
EndProject
Global
	GlobalSection(SolutionConfigurationPlatforms) = preSolution
		Debug|Any CPU = Debug|Any CPU
		Debug|x64 = Debug|x64
		Debug|x86 = Debug|x86
		Release|Any CPU = Release|Any CPU
		Release|x64 = Release|x64
		Release|x86 = Release|x86
	EndGlobalSection
	GlobalSection(ProjectConfigurationPlatforms) = postSolution
		{4ABBC7ED-B794-4F77-AEC5-15E0DFCACA70}.Debug|Any CPU.ActiveCfg = Debug|Any CPU
		{4ABBC7ED-B794-4F77-AEC5-15E0DFCACA70}.Debug|Any CPU.Build.0 = Debug|Any CPU
		{4ABBC7ED-B794-4F77-AEC5-15E0DFCACA70}.Debug|x64.ActiveCfg = Debug|Any CPU
		{4ABBC7ED-B794-4F77-AEC5-15E0DFCACA70}.Debug|x64.Build.0 = Debug|Any CPU
		{4ABBC7ED-B794-4F77-AEC5-15E0DFCACA70}.Debug|x86.ActiveCfg = Debug|Any CPU
		{4ABBC7ED-B794-4F77-AEC5-15E0DFCACA70}.Debug|x86.Build.0 = Debug|Any CPU
		{4ABBC7ED-B794-4F77-AEC5-15E0DFCACA70}.Release|Any CPU.ActiveCfg = Release|Any CPU
		{4ABBC7ED-B794-4F77-AEC5-15E0DFCACA70}.Release|Any CPU.Build.0 = Release|Any CPU
		{4ABBC7ED-B794-4F77-AEC5-15E0DFCACA70}.Release|x64.ActiveCfg = Release|Any CPU
		{4ABBC7ED-B794-4F77-AEC5-15E0DFCACA70}.Release|x64.Build.0 = Release|Any CPU
		{4ABBC7ED-B794-4F77-AEC5-15E0DFCACA70}.Release|x86.ActiveCfg = Release|Any CPU
		{4ABBC7ED-B794-4F77-AEC5-15E0DFCACA70}.Release|x86.Build.0 = Release|Any CPU
		{2D7B06B3-C4AB-4D0C-99F5-DCA367A3C57B}.Debug|Any CPU.ActiveCfg = Debug|Any CPU
		{2D7B06B3-C4AB-4D0C-99F5-DCA367A3C57B}.Debug|Any CPU.Build.0 = Debug|Any CPU
		{2D7B06B3-C4AB-4D0C-99F5-DCA367A3C57B}.Debug|x64.ActiveCfg = Debug|Any CPU
		{2D7B06B3-C4AB-4D0C-99F5-DCA367A3C57B}.Debug|x64.Build.0 = Debug|Any CPU
		{2D7B06B3-C4AB-4D0C-99F5-DCA367A3C57B}.Debug|x86.ActiveCfg = Debug|Any CPU
		{2D7B06B3-C4AB-4D0C-99F5-DCA367A3C57B}.Debug|x86.Build.0 = Debug|Any CPU
		{2D7B06B3-C4AB-4D0C-99F5-DCA367A3C57B}.Release|Any CPU.ActiveCfg = Release|Any CPU
		{2D7B06B3-C4AB-4D0C-99F5-DCA367A3C57B}.Release|Any CPU.Build.0 = Release|Any CPU
		{2D7B06B3-C4AB-4D0C-99F5-DCA367A3C57B}.Release|x64.ActiveCfg = Release|Any CPU
		{2D7B06B3-C4AB-4D0C-99F5-DCA367A3C57B}.Release|x64.Build.0 = Release|Any CPU
		{2D7B06B3-C4AB-4D0C-99F5-DCA367A3C57B}.Release|x86.ActiveCfg = Release|Any CPU
		{2D7B06B3-C4AB-4D0C-99F5-DCA367A3C57B}.Release|x86.Build.0 = Release|Any CPU
	EndGlobalSection
	GlobalSection(SolutionProperties) = preSolution
		HideSolutionNode = FALSE
	EndGlobalSection
	GlobalSection(ExtensibilityGlobals) = postSolution
		SolutionGuid = {5A9D163B-67E1-4A21-BB9E-B1A8B47FB249}
	EndGlobalSection
EndGlobal
